
Microsoft Visual Studio Solution File, Format Version 12.00
# Visual Studio 2013
VisualStudioVersion = 12.0.30324.0
MinimumVisualStudioVersion = 10.0.40219.1
Project("{2150E333-8FDC-42A3-9474-1A3956D46DE8}") = ".paket", ".paket", "{DF41CB1D-C2D0-4BD8-9FF8-78CF3A688D68}"
	ProjectSection(SolutionItems) = preProject
		..\paket.dependencies = ..\paket.dependencies
	EndProjectSection
EndProject
Project("{F2A71F9B-5D33-465A-A702-920D77279786}") = "MusicStore", "MusicStore\MusicStore.fsproj", "{60E38CCD-6FC5-4639-9DED-57C8611A9A2E}"
EndProject
Global
	GlobalSection(SolutionConfigurationPlatforms) = preSolution
		Debug|Any CPU = Debug|Any CPU
		Release|Any CPU = Release|Any CPU
	EndGlobalSection
	GlobalSection(ProjectConfigurationPlatforms) = postSolution
		{60E38CCD-6FC5-4639-9DED-57C8611A9A2E}.Debug|Any CPU.ActiveCfg = Debug|Any CPU
		{60E38CCD-6FC5-4639-9DED-57C8611A9A2E}.Debug|Any CPU.Build.0 = Debug|Any CPU
		{60E38CCD-6FC5-4639-9DED-57C8611A9A2E}.Release|Any CPU.ActiveCfg = Release|Any CPU
		{60E38CCD-6FC5-4639-9DED-57C8611A9A2E}.Release|Any CPU.Build.0 = Release|Any CPU
	EndGlobalSection
	GlobalSection(SolutionProperties) = preSolution
		HideSolutionNode = FALSE
	EndGlobalSection
EndGlobal
